github.com/logrusorgru/aurora v0.0.0-20181002194514-a7b3b318ed4e h1:9MlwzLdW7QSDrhDjFlsEYmxpFyIoXmYRon3dt0io31k=
github.com/logrusorgru/aurora v0.0.0-20181002194514-a7b3b318ed4e/go.mod h1:7rIyQOR62GCctdiQpZ/zOJlFyk6y+94wXzv6RNZgaR4=
github.com/mm4tt/k8s-util/lib v0.0.0-20190411144604-7f0a8711ced6 h1:moD8u9PLFRFUrLyLlBrnFxeeqY/wkKigfWBXg7UDk5A=
github.com/mm4tt/k8s-util/lib v0.0.0-20190411144604-7f0a8711ced6/go.mod h1:g0+p4P9LwTTenqvaInURNBf9hlVBsaHy/eKRaS7xshk=
k8s.io/klog v0.2.0 h1:0ElL0OHzF3N+OhoJTL0uca20SxtYt4X4+bzHeqrB83c=
k8s.io/klog v0.2.0/go.mod h1:Gq+BEi5rUBO/HRz0bTSXDUcqjScdoY3a9IHpCEIOOfk=
